{
  "name": "messenger",
  "version": "1.0.0",
  "lockfileVersion": 1,
  "requires": true,
  "dependencies": {
    "body-parser": {
      "version": "1.17.2",
      "resolved": "https://registry.npmjs.org/body-parser/-/body-parser-1.17.2.tgz",
      "integrity": "sha1-+IkqvI+eYn1Crtr7yma/WrmRBO4="
    },
    "bootbot": {
      "version": "1.0.12",
      "resolved": "https://registry.npmjs.org/bootbot/-/bootbot-1.0.12.tgz",
      "integrity": "sha1-fQ2fysO/wLSBacQW7BGcBj+YLr0=",
      "dependencies": {
        "config": {
          "version": "1.26.1",
          "resolved": "https://registry.npmjs.org/config/-/config-1.26.1.tgz",
          "integrity": "sha1-9kfOMsNF6AunOo6qeppLTlspDKE="
        }
      }
    },
    "chrono-node": {
      "version": "2.2.4",
      "resolved": "https://registry.npmjs.org/chrono-node/-/chrono-node-2.2.4.tgz",
      "integrity": "sha512-58ERHGfWtWzBxckF9ZyFuwJjcreLDr7C79lHEynSqZ7J8y1JfMa8ok1TvCCf/TOZmkGME1ZSaEEb0DqqWaNFHg==",
      "requires": {
        "dayjs": "^1.10.0"
      }
    },
    "config": {
      "version": "1.31.0",
      "resolved": "https://registry.npmjs.org/config/-/config-1.31.0.tgz",
      "integrity": "sha512-Ep/l9Rd1J9IPueztJfpbOqVzuKHQh4ZODMNt9xqTYdBBNRXbV4oTu34kCkkfdRVcDq0ohtpaeXGgb+c0LQxFRA==",
      "requires": {
        "json5": "^1.0.1"
      },
      "dependencies": {
        "json5": {
          "version": "1.0.1",
          "resolved": "https://registry.npmjs.org/json5/-/json5-1.0.1.tgz",
          "integrity": "sha512-aKS4WQjPenRxiQsC93MNfjx+nbF4PAdYzmd/1JIj8HYzqfbu86beTuNgXDzPknWk0n0uARlyewZo4s++ES36Ow==",
          "requires": {
            "minimist": "^1.2.0"
          }
        }
      }
    },
    "cosmicjs": {
      "version": "2.39.91",
      "resolved": "https://registry.npmjs.org/cosmicjs/-/cosmicjs-2.39.91.tgz",
      "integrity": "sha1-NHkS7eXuKAFtyIEaatndaHsHlDc="
    },
    "dayjs": {
      "version": "1.10.4",
      "resolved": "https://registry.npmjs.org/dayjs/-/dayjs-1.10.4.tgz",
      "integrity": "sha512-RI/Hh4kqRc1UKLOAf/T5zdMMX5DQIlDxwUe3wSyMMnEbGunnpENCdbUgM+dW7kXidZqCttBrmw7BhN4TMddkCw=="
    },
    "dotenv": {
      "version": "4.0.0",
      "resolved": "https://registry.npmjs.org/dotenv/-/dotenv-4.0.0.tgz",
      "integrity": "sha1-hk7xN5rO1Vzm+V3r7NzhefegzR0="
    },
    "express": {
      "version": "4.15.3",
      "resolved": "https://registry.npmjs.org/express/-/express-4.15.3.tgz",
      "integrity": "sha1-urZdDwOqgMNYQIly/HAPkWlEtmI="
    },
    "minimist": {
      "version": "1.2.0",
      "resolved": "https://registry.npmjs.org/minimist/-/minimist-1.2.0.tgz",
      "integrity": "sha1-o1AIsg9BOD7sH7kU9M1d95omQoQ="
    },
    "node-schedule": {
      "version": "1.2.3",
      "resolved": "https://registry.npmjs.org/node-schedule/-/node-schedule-1.2.3.tgz",
      "integrity": "sha1-gCb5m9lEHbzInHZaYp52vApf550="
    },
    "request": {
      "version": "2.81.0",
      "resolved": "https://registry.npmjs.org/request/-/request-2.81.0.tgz",
      "integrity": "sha1-xpKJRqDgbF+Nb4qTM0af/aRimKA="
    },
    "yarn-install": {
      "version": "0.3.0",
      "resolved": "https://registry.npmjs.org/yarn-install/-/yarn-install-0.3.0.tgz",
      "integrity": "sha1-0udtL2xuQco7y9HgyGmOOFjAFBU="
    }
  }
}
